
Microsoft Visual Studio Solution File, Format Version 12.00
# Visual Studio Version 16
VisualStudioVersion = 16.0.30517.126
MinimumVisualStudioVersion = 10.0.40219.1
Project("{FAE04EC0-301F-11D3-BF4B-00C04F79EFBC}") = "TurtleProgram", "TurtleProgram\TurtleProgram.csproj", "{37782AC3-257A-4CF4-A6E7-667D236DB3B9}"
EndProject
Global
	GlobalSection(SolutionConfigurationPlatforms) = preSolution
		Debug|Any CPU = Debug|Any CPU
		Release|Any CPU = Release|Any CPU
	EndGlobalSection
	GlobalSection(ProjectConfigurationPlatforms) = postSolution
		{37782AC3-257A-4CF4-A6E7-667D236DB3B9}.Debug|Any CPU.ActiveCfg = Debug|Any CPU
		{37782AC3-257A-4CF4-A6E7-667D236DB3B9}.Debug|Any CPU.Build.0 = Debug|Any CPU
		{37782AC3-257A-4CF4-A6E7-667D236DB3B9}.Release|Any CPU.ActiveCfg = Release|Any CPU
		{37782AC3-257A-4CF4-A6E7-667D236DB3B9}.Release|Any CPU.Build.0 = Release|Any CPU
	EndGlobalSection
	GlobalSection(SolutionProperties) = preSolution
		HideSolutionNode = FALSE
	EndGlobalSection
	GlobalSection(ExtensibilityGlobals) = postSolution
		SolutionGuid = {697694C1-BA82-4750-BE21-1C07FB0276AE}
	EndGlobalSection
EndGlobal
